{
  "originHash" : "45cef83f3b4dcb6dc0620c928e55758a27fed63bbe02b28417fe6f31846fb2d8",
  "pins" : [
    {
      "identity" : "swift-tuple",
      "kind" : "remoteSourceControl",
      "location" : "https://github.com/Lancelotbronner/swift-tuple",
      "state" : {
        "revision" : "bde5b0adad34997c5444085798ff058f00c47fe2",
        "version" : "1.0.1"
      }
    }
  ],
  "version" : 3
}
